{
  "lockfile_version": "1",
  "packages": {
    "gcc@latest": {
      "last_modified": "2025-05-16T20:19:48Z",
      "resolved": "github:NixOS/nixpkgs/12a55407652e04dcf2309436eb06fef0d3713ef3#gcc",
      "source": "devbox-search",
      "version": "14.2.1.20250322",
      "systems": {
        "aarch64-darwin": {
          "outputs": [
            {
              "name": "out",
              "path": "/nix/store/pnppg88x29b2rmmz54zj9rvm6rgbwml5-gcc-wrapper-14.2.1.20250322",
              "default": true
            },
            {
              "name": "man",
              "path": "/nix/store/ndnl5s0a8671f19jwhyms5wb0d0jq7ix-gcc-wrapper-14.2.1.20250322-man",
              "default": true
            },
            {
              "name": "info",
              "path": "/nix/store/fl8gp0pvp2lz34va2pp2rg4krk2z35ar-gcc-wrapper-14.2.1.20250322-info"
            }
          ],
          "store_path": "/nix/store/pnppg88x29b2rmmz54zj9rvm6rgbwml5-gcc-wrapper-14.2.1.20250322"
        },
        "aarch64-linux": {
          "outputs": [
            {
              "name": "out",
              "path": "/nix/store/m5lx55lwrvcax2lwfv83793i2b8x6r2w-gcc-wrapper-14.2.1.20250322",
              "default": true
            },
            {
              "name": "man",
              "path": "/nix/store/v2vgm7qpc7nck1p39cnq29ld1jb4i02z-gcc-wrapper-14.2.1.20250322-man",
              "default": true
            },
            {
              "name": "info",
              "path": "/nix/store/02wyr4amxzw5wdwsr1w8iviwz21dpzzq-gcc-wrapper-14.2.1.20250322-info"
            }
          ],
          "store_path": "/nix/store/m5lx55lwrvcax2lwfv83793i2b8x6r2w-gcc-wrapper-14.2.1.20250322"
        },
        "x86_64-darwin": {
          "outputs": [
            {
              "name": "out",
              "path": "/nix/store/kpk57xjwgb2kkbidrvhj4mk0zifj7jkp-gcc-wrapper-14.2.1.20250322",
              "default": true
            },
            {
              "name": "man",
              "path": "/nix/store/wdrsjsi6020c883n5bd4j0ih3wqf65da-gcc-wrapper-14.2.1.20250322-man",
              "default": true
            },
            {
              "name": "info",
              "path": "/nix/store/n0qd4ys4ss1pxqcwf8fpf4p8gqfqp8xc-gcc-wrapper-14.2.1.20250322-info"
            }
          ],
          "store_path": "/nix/store/kpk57xjwgb2kkbidrvhj4mk0zifj7jkp-gcc-wrapper-14.2.1.20250322"
        },
        "x86_64-linux": {
          "outputs": [
            {
              "name": "out",
              "path": "/nix/store/0fsnicvfpf55nkza12cjnad0w84d6ba7-gcc-wrapper-14.2.1.20250322",
              "default": true
            },
            {
              "name": "man",
              "path": "/nix/store/kbykzp8wk3anb8ym760yf5m28nqz2k9n-gcc-wrapper-14.2.1.20250322-man",
              "default": true
            },
            {
              "name": "info",
              "path": "/nix/store/7bzcswp68xfk2x17fmqbdrybbwcjy0kq-gcc-wrapper-14.2.1.20250322-info"
            }
          ],
          "store_path": "/nix/store/0fsnicvfpf55nkza12cjnad0w84d6ba7-gcc-wrapper-14.2.1.20250322"
        }
      }
    },
    "github:NixOS/nixpkgs/nixpkgs-unstable": {
      "last_modified": "2025-05-07T00:09:58Z",
      "resolved": "github:NixOS/nixpkgs/b3582c75c7f21ce0b429898980eddbbf05c68e55?lastModified=1746576598&narHash=sha256-FshoQvr6Aor5SnORVvh%2FZdJ1Sa2U4ZrIMwKBX5k2wu0%3D"
    },
    "glibcLocales@latest": {
      "last_modified": "2025-05-16T20:19:48Z",
      "resolved": "github:NixOS/nixpkgs/12a55407652e04dcf2309436eb06fef0d3713ef3#glibcLocales",
      "source": "devbox-search",
      "version": "2.40-66",
      "systems": {
        "aarch64-linux": {
          "outputs": [
            {
              "name": "out",
              "path": "/nix/store/2hb8s2i45cx30qqhayzzsfbg12k8d8fs-glibc-locales-2.40-66",
              "default": true
            }
          ],
          "store_path": "/nix/store/2hb8s2i45cx30qqhayzzsfbg12k8d8fs-glibc-locales-2.40-66"
        },
        "x86_64-linux": {
          "outputs": [
            {
              "name": "out",
              "path": "/nix/store/d91i3lzpkii5kabfx1kxvl3banc47min-glibc-locales-2.40-66",
              "default": true
            }
          ],
          "store_path": "/nix/store/d91i3lzpkii5kabfx1kxvl3banc47min-glibc-locales-2.40-66"
        }
      }
    },
    "go@latest": {
      "last_modified": "2025-05-16T20:19:48Z",
      "resolved": "github:NixOS/nixpkgs/12a55407652e04dcf2309436eb06fef0d3713ef3#go",
      "source": "devbox-search",
      "version": "1.24.3",
      "systems": {
        "aarch64-darwin": {
          "outputs": [
            {
              "name": "out",
              "path": "/nix/store/ps3admpzmc1ryvn9q7sw5xfd94dkrb3f-go-1.24.3",
              "default": true
            }
          ],
          "store_path": "/nix/store/ps3admpzmc1ryvn9q7sw5xfd94dkrb3f-go-1.24.3"
        },
        "aarch64-linux": {
          "outputs": [
            {
              "name": "out",
              "path": "/nix/store/45bnqhyyq40p91k3cjw0farx3hn1swx6-go-1.24.3",
              "default": true
            }
          ],
          "store_path": "/nix/store/45bnqhyyq40p91k3cjw0farx3hn1swx6-go-1.24.3"
        },
        "x86_64-darwin": {
          "outputs": [
            {
              "name": "out",
              "path": "/nix/store/9z2kb6hxij7pqi0fgcn9ijhpb7ajpazs-go-1.24.3",
              "default": true
            }
          ],
          "store_path": "/nix/store/9z2kb6hxij7pqi0fgcn9ijhpb7ajpazs-go-1.24.3"
        },
        "x86_64-linux": {
          "outputs": [
            {
              "name": "out",
              "path": "/nix/store/5xvi25nqmbrg58aixp4zgczilfnp7pwg-go-1.24.3",
              "default": true
            }
          ],
          "store_path": "/nix/store/5xvi25nqmbrg58aixp4zgczilfnp7pwg-go-1.24.3"
        }
      }
    },
    "nodejs@22": {
      "last_modified": "2025-05-21T18:43:04Z",
      "plugin_version": "0.0.2",
      "resolved": "github:NixOS/nixpkgs/8c441601c43232976179eac52dde704c8bdf81ed#nodejs_22",
      "source": "devbox-search",
      "version": "22.14.0",
      "systems": {
        "aarch64-darwin": {
          "outputs": [
            {
              "name": "out",
              "path": "/nix/store/g5bv4gi6p7ryhs2hbaryxs6ivsxa6lqc-nodejs-22.14.0",
              "default": true
            },
            {
              "name": "dev",
              "path": "/nix/store/96vpirdcns8zxdwzwl7n804012lwrf1n-nodejs-22.14.0-dev"
            },
            {
              "name": "libv8",
              "path": "/nix/store/xph2837xqjnra80mqlk64xp7vb3kkqxs-nodejs-22.14.0-libv8"
            }
          ],
          "store_path": "/nix/store/g5bv4gi6p7ryhs2hbaryxs6ivsxa6lqc-nodejs-22.14.0"
        },
        "aarch64-linux": {
          "outputs": [
            {
              "name": "out",
              "path": "/nix/store/cwb781xbp70f72njqh8vhvbsf1xq87i5-nodejs-22.14.0",
              "default": true
            },
            {
              "name": "dev",
              "path": "/nix/store/0w5mql46am2qai707a42q983l44l1h9z-nodejs-22.14.0-dev"
            },
            {
              "name": "libv8",
              "path": "/nix/store/vy56lahz381ayvw3hym3wj4r4ggv7gbk-nodejs-22.14.0-libv8"
            }
          ],
          "store_path": "/nix/store/cwb781xbp70f72njqh8vhvbsf1xq87i5-nodejs-22.14.0"
        },
        "x86_64-darwin": {
          "outputs": [
            {
              "name": "out",
              "path": "/nix/store/086zjv14ipka2vbpgwil3xyvi5ml4vh3-nodejs-22.14.0",
              "default": true
            },
            {
              "name": "dev",
              "path": "/nix/store/24n01nfvy908pwzwpgsl0k4227187i7i-nodejs-22.14.0-dev"
            },
            {
              "name": "libv8",
              "path": "/nix/store/jiwk0in1wk85crn9vp03gg937gbh1s0w-nodejs-22.14.0-libv8"
            }
          ],
          "store_path": "/nix/store/086zjv14ipka2vbpgwil3xyvi5ml4vh3-nodejs-22.14.0"
        },
        "x86_64-linux": {
          "outputs": [
            {
              "name": "out",
              "path": "/nix/store/c8jxsih8yy2rnncdmx2hyraizf689nvp-nodejs-22.14.0",
              "default": true
            },
            {
              "name": "libv8",
              "path": "/nix/store/s8gnrgh9hgnbkrc1wrn21d6zvkbvm9vi-nodejs-22.14.0-libv8"
            },
            {
              "name": "dev",
              "path": "/nix/store/xw8c1c0inxq3xl1d7axz19vq8c05kjk5-nodejs-22.14.0-dev"
            }
          ],
          "store_path": "/nix/store/c8jxsih8yy2rnncdmx2hyraizf689nvp-nodejs-22.14.0"
        }
      }
    },
    "postgresql@latest": {
      "last_modified": "2025-05-21T18:43:04Z",
      "plugin_version": "0.0.2",
      "resolved": "github:NixOS/nixpkgs/8c441601c43232976179eac52dde704c8bdf81ed#postgresql",
      "source": "devbox-search",
      "version": "17.5",
      "systems": {
        "aarch64-darwin": {
          "outputs": [
            {
              "name": "out",
              "path": "/nix/store/w6cjhp0006p6dwmlcp1klz3sayylg4l2-postgresql-17.5",
              "default": true
            },
            {
              "name": "man",
              "path": "/nix/store/vzdz6hmav9baicc9xa8nan56f8n4pn7m-postgresql-17.5-man",
              "default": true
            },
            {
              "name": "jit",
              "path": "/nix/store/b74f8h0yr6pmcd82c9bwvdpwbj5bmmq5-postgresql-17.5-jit"
            },
            {
              "name": "pltcl",
              "path": "/nix/store/8x3lm78byg0i15y4zn0ga1xkrwcic4sg-postgresql-17.5-pltcl"
            },
            {
              "name": "dev",
              "path": "/nix/store/ijhl7ddpkq06ywcffc907c92rnc5mzwk-postgresql-17.5-dev"
            },
            {
              "name": "doc",
              "path": "/nix/store/h0nsafh8f5n46b34na0b2y21na34y9cx-postgresql-17.5-doc"
            },
            {
              "name": "plperl",
              "path": "/nix/store/skgb73k0bhahw2nkrbm03ir1q77vrbwr-postgresql-17.5-plperl"
            },
            {
              "name": "lib",
              "path": "/nix/store/i5dmq970llliwpzjizznhb9ciyylqbx3-postgresql-17.5-lib"
            },
            {
              "name": "plpython3",
              "path": "/nix/store/2hnbya8x4a3f9h8iprawqlxymmnz9dhc-postgresql-17.5-plpython3"
            }
          ],
          "store_path": "/nix/store/w6cjhp0006p6dwmlcp1klz3sayylg4l2-postgresql-17.5"
        },
        "aarch64-linux": {
          "outputs": [
            {
              "name": "out",
              "path": "/nix/store/sj9dhaxpfixvy0kbr9fwkxghcn1z98ah-postgresql-17.5",
              "default": true
            },
            {
              "name": "man",
              "path": "/nix/store/wy6bfmwhjfpnipx3v7ilvbz1c5inhrl7-postgresql-17.5-man",
              "default": true
            },
            {
              "name": "jit",
              "path": "/nix/store/qha3ksm11i9i7jxb8xp2xs3pkwq7h630-postgresql-17.5-jit"
            },
            {
              "name": "lib",
              "path": "/nix/store/l9g5i29ckavvz194hxwvygdcnbqmcq43-postgresql-17.5-lib"
            },
            {
              "name": "pltcl",
              "path": "/nix/store/m8g1ncvwx9kg0g2a66qnkh22ykxpwsph-postgresql-17.5-pltcl"
            },
            {
              "name": "plperl",
              "path": "/nix/store/2p77q0gf1y5i33dvy92hda83s39slxs4-postgresql-17.5-plperl"
            },
            {
              "name": "dev",
              "path": "/nix/store/cnk1lcc3qq3p6dy7gcbshhwwhklcx6v8-postgresql-17.5-dev"
            },
            {
              "name": "plpython3",
              "path": "/nix/store/ydhjmfgnfqv9xk31fhqnms6c2dnsq51y-postgresql-17.5-plpython3"
            },
            {
              "name": "debug",
              "path": "/nix/store/vcnk11132d8132rl4jhyps37bybicwck-postgresql-17.5-debug"
            },
            {
              "name": "doc",
              "path": "/nix/store/xn48vj4zzr4pbzsalxvfp57nfk341f4p-postgresql-17.5-doc"
            }
          ],
          "store_path": "/nix/store/sj9dhaxpfixvy0kbr9fwkxghcn1z98ah-postgresql-17.5"
        },
        "x86_64-darwin": {
          "outputs": [
            {
              "name": "out",
              "path": "/nix/store/xx9qfyc9cgfzr2ya3kw7gr6mwzki5ywl-postgresql-17.5",
              "default": true
            },
            {
              "name": "man",
              "path": "/nix/store/cngsyk2hlaakgnwvwwnldy7d6bihdgr6-postgresql-17.5-man",
              "default": true
            },
            {
              "name": "plperl",
              "path": "/nix/store/p68k68a2g0gkjnl3kmqf6iih3fs5wcvn-postgresql-17.5-plperl"
            },
            {
              "name": "pltcl",
              "path": "/nix/store/snasrw65962fc1i24v1mflm75mcl6bc5-postgresql-17.5-pltcl"
            },
            {
              "name": "dev",
              "path": "/nix/store/whcw1nq5ls5rwxg3y14zkgx0890ccl89-postgresql-17.5-dev"
            },
            {
              "name": "doc",
              "path": "/nix/store/hif045vfd6knwszxv14ll3ql15aw5rqq-postgresql-17.5-doc"
            },
            {
              "name": "jit",
              "path": "/nix/store/akjz88mpjkpw9xfa5ym7j4xl63nqjz8k-postgresql-17.5-jit"
            },
            {
              "name": "lib",
              "path": "/nix/store/amd0rc4q4xii02n0gnspcn6841b35114-postgresql-17.5-lib"
            },
            {
              "name": "plpython3",
              "path": "/nix/store/7bmwl47wwd1zqdjsg5wc68x54psdldfp-postgresql-17.5-plpython3"
            }
          ],
          "store_path": "/nix/store/xx9qfyc9cgfzr2ya3kw7gr6mwzki5ywl-postgresql-17.5"
        },
        "x86_64-linux": {
          "outputs": [
            {
              "name": "out",
              "path": "/nix/store/jgvr5576yv6vxaxn9ps09222ii889zhk-postgresql-17.5",
              "default": true
            },
            {
              "name": "man",
              "path": "/nix/store/d4cw3yz6k9769ivs0kq5fw107l3d6y4c-postgresql-17.5-man",
              "default": true
            },
            {
              "name": "plperl",
              "path": "/nix/store/0a5qlx9vqrh3j4gcxfcbw1v1mbbv14b1-postgresql-17.5-plperl"
            },
            {
              "name": "plpython3",
              "path": "/nix/store/bwr4pjlfsif74s9mdg9jml9w0d272w6b-postgresql-17.5-plpython3"
            },
            {
              "name": "debug",
              "path": "/nix/store/g7yq4ci3a09nwc8c7rkrvnkj9yknwpcx-postgresql-17.5-debug"
            },
            {
              "name": "dev",
              "path": "/nix/store/578hp6h741gwi4wh1nx6rflsnicp2hwn-postgresql-17.5-dev"
            },
            {
              "name": "doc",
              "path": "/nix/store/hc9w7h6869k2yjxrimywvpmj9651sfyd-postgresql-17.5-doc"
            },
            {
              "name": "lib",
              "path": "/nix/store/zxafhaznnkcv8ixp56f0b3hymjn71xb3-postgresql-17.5-lib"
            },
            {
              "name": "pltcl",
              "path": "/nix/store/n3l2a0ys9k6cl3p6i7w93klgc049avz7-postgresql-17.5-pltcl"
            },
            {
              "name": "jit",
              "path": "/nix/store/p1sbiwh6jsviwd8x8pd2dnqjj89f65ha-postgresql-17.5-jit"
            }
          ],
          "store_path": "/nix/store/jgvr5576yv6vxaxn9ps09222ii889zhk-postgresql-17.5"
        }
      }
    }
  }
}
